{
  "name": "@luisgilgb/react-grid",
  "version": "0.1.0",
  "lockfileVersion": 1,
  "requires": true,
  "dependencies": {
    "@luisgilgb/react-utils": {
      "version": "0.2.2",
      "resolved": "https://registry.npmjs.org/@luisgilgb/react-utils/-/react-utils-0.2.2.tgz",
      "integrity": "sha512-vtglogm4CTUQX17DbLJTSeDHzHAcckT854XlWCEe53AVeV67CEaSbP1HkxSAtPO5L9WPn7+qGNvWKmVTeAVcaQ=="
    }
  }
}
